// !$*UTF8*$!
{
	archiveVersion = 1;
	classes = {
	};
	objectVersion = 50;
	objects = {

/* Begin PBXBuildFile section */
		01E28ECB22B3618B00481660 /* AppDelegate.swift in Sources */ = {isa = PBXBuildFile; fileRef = 01E28ECA22B3618B00481660 /* AppDelegate.swift */; };
		01E28ECD22B3618B00481660 /* ViewController.swift in Sources */ = {isa = PBXBuildFile; fileRef = 01E28ECC22B3618B00481660 /* ViewController.swift */; };
		01E28ED022B3618B00481660 /* Main.storyboard in Resources */ = {isa = PBXBuildFile; fileRef = 01E28ECE22B3618B00481660 /* Main.storyboard */; };
		01E28ED322B3618B00481660 /* AQI_Test.xcdatamodeld in Sources */ = {isa = PBXBuildFile; fileRef = 01E28ED122B3618B00481660 /* AQI_Test.xcdatamodeld */; };
		01E28ED522B3618E00481660 /* Assets.xcassets in Resources */ = {isa = PBXBuildFile; fileRef = 01E28ED422B3618E00481660 /* Assets.xcassets */; };
		01E28ED822B3618E00481660 /* LaunchScreen.storyboard in Resources */ = {isa = PBXBuildFile; fileRef = 01E28ED622B3618E00481660 /* LaunchScreen.storyboard */; };
		01E28EE122B364A700481660 /* MyNetworkRequest.swift in Sources */ = {isa = PBXBuildFile; fileRef = 01E28EE022B364A700481660 /* MyNetworkRequest.swift */; };
		01E28EE322B3664E00481660 /* NetworkController.swift in Sources */ = {isa = PBXBuildFile; fileRef = 01E28EE222B3664E00481660 /* NetworkController.swift */; };
		01E28EE522B38C0600481660 /* AQITableViewCell.swift in Sources */ = {isa = PBXBuildFile; fileRef = 01E28EE422B38C0600481660 /* AQITableViewCell.swift */; };
		01E28EE922B39C8100481660 /* DetailTableViewController.swift in Sources */ = {isa = PBXBuildFile; fileRef = 01E28EE822B39C8100481660 /* DetailTableViewController.swift */; };
		698F80E4544CA1AA0F0DDFC6 /* Pods_AQI_Test.framework in Frameworks */ = {isa = PBXBuildFile; fileRef = F37EE5BB6D8EF434D710F894 /* Pods_AQI_Test.framework */; };
/* End PBXBuildFile section */

/* Begin PBXFileReference section */
		01E28EC722B3618B00481660 /* AQI_Test.app */ = {isa = PBXFileReference; explicitFileType = wrapper.application; includeInIndex = 0; path = AQI_Test.app; sourceTree = BUILT_PRODUCTS_DIR; };
		01E28ECA22B3618B00481660 /* AppDelegate.swift */ = {isa = PBXFileReference; lastKnownFileType = sourcecode.swift; path = AppDelegate.swift; sourceTree = "<group>"; };
		01E28ECC22B3618B00481660 /* ViewController.swift */ = {isa = PBXFileReference; lastKnownFileType = sourcecode.swift; path = ViewController.swift; sourceTree = "<group>"; };
		01E28ECF22B3618B00481660 /* Base */ = {isa = PBXFileReference; lastKnownFileType = file.storyboard; name = Base; path = Base.lproj/Main.storyboard; sourceTree = "<group>"; };
		01E28ED222B3618B00481660 /* AQI_Test.xcdatamodel */ = {isa = PBXFileReference; lastKnownFileType = wrapper.xcdatamodel; path = AQI_Test.xcdatamodel; sourceTree = "<group>"; };
		01E28ED422B3618E00481660 /* Assets.xcassets */ = {isa = PBXFileReference; lastKnownFileType = folder.assetcatalog; path = Assets.xcassets; sourceTree = "<group>"; };
		01E28ED722B3618E00481660 /* Base */ = {isa = PBXFileReference; lastKnownFileType = file.storyboard; name = Base; path = Base.lproj/LaunchScreen.storyboard; sourceTree = "<group>"; };
		01E28ED922B3618E00481660 /* Info.plist */ = {isa = PBXFileReference; lastKnownFileType = text.plist.xml; path = Info.plist; sourceTree = "<group>"; };
		01E28EE022B364A700481660 /* MyNetworkRequest.swift */ = {isa = PBXFileReference; lastKnownFileType = sourcecode.swift; path = MyNetworkRequest.swift; sourceTree = "<group>"; };
		01E28EE222B3664E00481660 /* NetworkController.swift */ = {isa = PBXFileReference; lastKnownFileType = sourcecode.swift; path = NetworkController.swift; sourceTree = "<group>"; };
		01E28EE422B38C0600481660 /* AQITableViewCell.swift */ = {isa = PBXFileReference; lastKnownFileType = sourcecode.swift; path = AQITableViewCell.swift; sourceTree = "<group>"; };
		01E28EE822B39C8100481660 /* DetailTableViewController.swift */ = {isa = PBXFileReference; lastKnownFileType = sourcecode.swift; path = DetailTableViewController.swift; sourceTree = "<group>"; };
		70FC8C15E9E0031770C24C6F /* Pods-AQI_Test.debug.xcconfig */ = {isa = PBXFileReference; includeInIndex = 1; lastKnownFileType = text.xcconfig; name = "Pods-AQI_Test.debug.xcconfig"; path = "Target Support Files/Pods-AQI_Test/Pods-AQI_Test.debug.xcconfig"; sourceTree = "<group>"; };
		7ADFC35629E603B0AC80A5B9 /* Pods-AQI_Test.release.xcconfig */ = {isa = PBXFileReference; includeInIndex = 1; lastKnownFileType = text.xcconfig; name = "Pods-AQI_Test.release.xcconfig"; path = "Target Support Files/Pods-AQI_Test/Pods-AQI_Test.release.xcconfig"; sourceTree = "<group>"; };
		F37EE5BB6D8EF434D710F894 /* Pods_AQI_Test.framework */ = {isa = PBXFileReference; explicitFileType = wrapper.framework; includeInIndex = 0; path = Pods_AQI_Test.framework; sourceTree = BUILT_PRODUCTS_DIR; };
/* End PBXFileReference section */

/* Begin PBXFrameworksBuildPhase section */
		01E28EC422B3618B00481660 /* Frameworks */ = {
			isa = PBXFrameworksBuildPhase;
			buildActionMask = 2147483647;
			files = (
				698F80E4544CA1AA0F0DDFC6 /* Pods_AQI_Test.framework in Frameworks */,
			);
			runOnlyForDeploymentPostprocessing = 0;
		};
/* End PBXFrameworksBuildPhase section */

/* Begin PBXGroup section */
		01E28EBE22B3618B00481660 = {
			isa = PBXGroup;
			children = (
				01E28EC922B3618B00481660 /* AQI_Test */,
				01E28EC822B3618B00481660 /* Products */,
				7F537BD31596343411223FE6 /* Pods */,
				915B6F515A49C37DBA005B78 /* Frameworks */,
			);
			sourceTree = "<group>";
		};
		01E28EC822B3618B00481660 /* Products */ = {
			isa = PBXGroup;
			children = (
				01E28EC722B3618B00481660 /* AQI_Test.app */,
			);
			name = Products;
			sourceTree = "<group>";
		};
		01E28EC922B3618B00481660 /* AQI_Test */ = {
			isa = PBXGroup;
			children = (
				01E28ECA22B3618B00481660 /* AppDelegate.swift */,
				01E28ECC22B3618B00481660 /* ViewController.swift */,
				01E28EE822B39C8100481660 /* DetailTableViewController.swift */,
				01E28EE422B38C0600481660 /* AQITableViewCell.swift */,
				01E28EE022B364A700481660 /* MyNetworkRequest.swift */,
				01E28EE222B3664E00481660 /* NetworkController.swift */,
				01E28ECE22B3618B00481660 /* Main.storyboard */,
				01E28ED422B3618E00481660 /* Assets.xcassets */,
				01E28ED622B3618E00481660 /* LaunchScreen.storyboard */,
				01E28ED922B3618E00481660 /* Info.plist */,
				01E28ED122B3618B00481660 /* AQI_Test.xcdatamodeld */,
			);
			path = AQI_Test;
			sourceTree = "<group>";
		};
		7F537BD31596343411223FE6 /* Pods */ = {
			isa = PBXGroup;
			children = (
				70FC8C15E9E0031770C24C6F /* Pods-AQI_Test.debug.xcconfig */,
				7ADFC35629E603B0AC80A5B9 /* Pods-AQI_Test.release.xcconfig */,
			);
			path = Pods;
			sourceTree = "<group>";
		};
		915B6F515A49C37DBA005B78 /* Frameworks */ = {
			isa = PBXGroup;
			children = (
				F37EE5BB6D8EF434D710F894 /* Pods_AQI_Test.framework */,
			);
			name = Frameworks;
			sourceTree = "<group>";
		};
/* End PBXGroup section */

/* Begin PBXNativeTarget section */
		01E28EC622B3618B00481660 /* AQI_Test */ = {
			isa = PBXNativeTarget;
			buildConfigurationList = 01E28EDC22B3618E00481660 /* Build configuration list for PBXNativeTarget "AQI_Test" */;
			buildPhases = (
				C61973D3052BE61462BED392 /* [CP] Check Pods Manifest.lock */,
				01E28EC322B3618B00481660 /* Sources */,
				01E28EC422B3618B00481660 /* Frameworks */,
				01E28EC522B3618B00481660 /* Resources */,
				01E28EDF22B3623B00481660 /* ShellScript */,
				ACAA0C7B900C0FCB3C89306F /* [CP] Embed Pods Frameworks */,
			);
			buildRules = (
			);
			dependencies = (
			);
			name = AQI_Test;
			productName = AQI_Test;
			productReference = 01E28EC722B3618B00481660 /* AQI_Test.app */;
			productType = "com.apple.product-type.application";
		};
/* End PBXNativeTarget section */

/* Begin PBXProject section */
		01E28EBF22B3618B00481660 /* Project object */ = {
			isa = PBXProject;
			attributes = {
				LastSwiftUpdateCheck = 1020;
				LastUpgradeCheck = 1020;
				ORGANIZATIONNAME = "葉育彰";
				TargetAttributes = {
					01E28EC622B3618B00481660 = {
						CreatedOnToolsVersion = 10.2;
					};
				};
			};
			buildConfigurationList = 01E28EC222B3618B00481660 /* Build configuration list for PBXProject "AQI_Test" */;
			compatibilityVersion = "Xcode 9.3";
			developmentRegion = en;
			hasScannedForEncodings = 0;
			knownRegions = (
				en,
				Base,
			);
			mainGroup = 01E28EBE22B3618B00481660;
			productRefGroup = 01E28EC822B3618B00481660 /* Products */;
			projectDirPath = "";
			projectRoot = "";
			targets = (
				01E28EC622B3618B00481660 /* AQI_Test */,
			);
		};
/* End PBXProject section */

/* Begin PBXResourcesBuildPhase section */
		01E28EC522B3618B00481660 /* Resources */ = {
			isa = PBXResourcesBuildPhase;
			buildActionMask = 2147483647;
			files = (
				01E28ED822B3618E00481660 /* LaunchScreen.storyboard in Resources */,
				01E28ED522B3618E00481660 /* Assets.xcassets in Resources */,
				01E28ED022B3618B00481660 /* Main.storyboard in Resources */,
			);
			runOnlyForDeploymentPostprocessing = 0;
		};
/* End PBXResourcesBuildPhase section */

/* Begin PBXShellScriptBuildPhase section */
		01E28EDF22B3623B00481660 /* ShellScript */ = {
			isa = PBXShellScriptBuildPhase;
			buildActionMask = 2147483647;
			files = (
			);
			inputFileListPaths = (
			);
			inputPaths = (
			);
			outputFileListPaths = (
			);
			outputPaths = (
			);
			runOnlyForDeploymentPostprocessing = 0;
			shellPath = /bin/sh;
			shellScript = "\"${PODS_ROOT}/SwiftLint/swiftlint\"\n";
		};
		ACAA0C7B900C0FCB3C89306F /* [CP] Embed Pods Frameworks */ = {
			isa = PBXShellScriptBuildPhase;
			buildActionMask = 2147483647;
			files = (
			);
			inputFileListPaths = (
			);
			inputPaths = (
				"${PODS_ROOT}/Target Support Files/Pods-AQI_Test/Pods-AQI_Test-frameworks.sh",
				"${BUILT_PRODUCTS_DIR}/SwiftSoup/SwiftSoup.framework",
			);
			name = "[CP] Embed Pods Frameworks";
			outputFileListPaths = (
			);
			outputPaths = (
				"${TARGET_BUILD_DIR}/${FRAMEWORKS_FOLDER_PATH}/SwiftSoup.framework",
			);
			runOnlyForDeploymentPostprocessing = 0;
			shellPath = /bin/sh;
			shellScript = "\"${PODS_ROOT}/Target Support Files/Pods-AQI_Test/Pods-AQI_Test-frameworks.sh\"\n";
			showEnvVarsInLog = 0;
		};
		C61973D3052BE61462BED392 /* [CP] Check Pods Manifest.lock */ = {
			isa = PBXShellScriptBuildPhase;
			buildActionMask = 2147483647;
			files = (
			);
			inputFileListPaths = (
			);
			inputPaths = (
				"${PODS_PODFILE_DIR_PATH}/Podfile.lock",
				"${PODS_ROOT}/Manifest.lock",
			);
			name = "[CP] Check Pods Manifest.lock";
			outputFileListPaths = (
			);
			outputPaths = (
				"$(DERIVED_FILE_DIR)/Pods-AQI_Test-checkManifestLockResult.txt",
			);
			runOnlyForDeploymentPostprocessing = 0;
			shellPath = /bin/sh;
			shellScript = "diff \"${PODS_PODFILE_DIR_PATH}/Podfile.lock\" \"${PODS_ROOT}/Manifest.lock\" > /dev/null\nif [ $? != 0 ] ; then\n    # print error to STDERR\n    echo \"error: The sandbox is not in sync with the Podfile.lock. Run 'pod install' or update your CocoaPods installation.\" >&2\n    exit 1\nfi\n# This output is used by Xcode 'outputs' to avoid re-running this script phase.\necho \"SUCCESS\" > \"${SCRIPT_OUTPUT_FILE_0}\"\n";
			showEnvVarsInLog = 0;
		};
/* End PBXShellScriptBuildPhase section */

/* Begin PBXSourcesBuildPhase section */
		01E28EC322B3618B00481660 /* Sources */ = {
			isa = PBXSourcesBuildPhase;
			buildActionMask = 2147483647;
			files = (
				01E28EE322B3664E00481660 /* NetworkController.swift in Sources */,
				01E28EE522B38C0600481660 /* AQITableViewCell.swift in Sources */,
				01E28ED322B3618B00481660 /* AQI_Test.xcdatamodeld in Sources */,
				01E28ECD22B3618B00481660 /* ViewController.swift in Sources */,
				01E28EE922B39C8100481660 /* DetailTableViewController.swift in Sources */,
				01E28EE122B364A700481660 /* MyNetworkRequest.swift in Sources */,
				01E28ECB22B3618B00481660 /* AppDelegate.swift in Sources */,
			);
			runOnlyForDeploymentPostprocessing = 0;
		};
/* End PBXSourcesBuildPhase section */

/* Begin PBXVariantGroup section */
		01E28ECE22B3618B00481660 /* Main.storyboard */ = {
			isa = PBXVariantGroup;
			children = (
				01E28ECF22B3618B00481660 /* Base */,
			);
			name = Main.storyboard;
			sourceTree = "<group>";
		};
		01E28ED622B3618E00481660 /* LaunchScreen.storyboard */ = {
			isa = PBXVariantGroup;
			children = (
				01E28ED722B3618E00481660 /* Base */,
			);
			name = LaunchScreen.storyboard;
			sourceTree = "<group>";
		};
/* End PBXVariantGroup section */

/* Begin XCBuildConfiguration section */
		01E28EDA22B3618E00481660 /* Debug */ = {
			isa = XCBuildConfiguration;
			buildSettings = {
				ALWAYS_SEARCH_USER_PATHS = NO;
				CLANG_ANALYZER_NONNULL = YES;
				CLANG_ANALYZER_NUMBER_OBJECT_CONVERSION = YES_AGGRESSIVE;
				CLANG_CXX_LANGUAGE_STANDARD = "gnu++14";
				CLANG_CXX_LIBRARY = "libc++";
				CLANG_ENABLE_MODULES = YES;
				CLANG_ENABLE_OBJC_ARC = YES;
				CLANG_ENABLE_OBJC_WEAK = YES;
				CLANG_WARN_BLOCK_CAPTURE_AUTORELEASING = YES;
				CLANG_WARN_BOOL_CONVERSION = YES;
				CLANG_WARN_COMMA = YES;
				CLANG_WARN_CONSTANT_CONVERSION = YES;
				CLANG_WARN_DEPRECATED_OBJC_IMPLEMENTATIONS = YES;
				CLANG_WARN_DIRECT_OBJC_ISA_USAGE = YES_ERROR;
				CLANG_WARN_DOCUMENTATION_COMMENTS = YES;
				CLANG_WARN_EMPTY_BODY = YES;
				CLANG_WARN_ENUM_CONVERSION = YES;
				CLANG_WARN_INFINITE_RECURSION = YES;
				CLANG_WARN_INT_CONVERSION = YES;
				CLANG_WARN_NON_LITERAL_NULL_CONVERSION = YES;
				CLANG_WARN_OBJC_IMPLICIT_RETAIN_SELF = YES;
				CLANG_WARN_OBJC_LITERAL_CONVERSION = YES;
				CLANG_WARN_OBJC_ROOT_CLASS = YES_ERROR;
				CLANG_WARN_RANGE_LOOP_ANALYSIS = YES;
				CLANG_WARN_STRICT_PROTOTYPES = YES;
				CLANG_WARN_SUSPICIOUS_MOVE = YES;
				CLANG_WARN_UNGUARDED_AVAILABILITY = YES_AGGRESSIVE;
				CLANG_WARN_UNREACHABLE_CODE = YES;
				CLANG_WARN__DUPLICATE_METHOD_MATCH = YES;
				CODE_SIGN_IDENTITY = "iPhone Developer";
				COPY_PHASE_STRIP = NO;
				DEBUG_INFORMATION_FORMAT = dwarf;
				ENABLE_STRICT_OBJC_MSGSEND = YES;
				ENABLE_TESTABILITY = YES;
				GCC_C_LANGUAGE_STANDARD = gnu11;
				GCC_DYNAMIC_NO_PIC = NO;
				GCC_NO_COMMON_BLOCKS = YES;
				GCC_OPTIMIZATION_LEVEL = 0;
				GCC_PREPROCESSOR_DEFINITIONS = (
					"DEBUG=1",
					"$(inherited)",
				);
				GCC_WARN_64_TO_32_BIT_CONVERSION = YES;
				GCC_WARN_ABOUT_RETURN_TYPE = YES_ERROR;
				GCC_WARN_UNDECLARED_SELECTOR = YES;
				GCC_WARN_UNINITIALIZED_AUTOS = YES_AGGRESSIVE;
				GCC_WARN_UNUSED_FUNCTION = YES;
				GCC_WARN_UNUSED_VARIABLE = YES;
				IPHONEOS_DEPLOYMENT_TARGET = 11.0;
				MTL_ENABLE_DEBUG_INFO = INCLUDE_SOURCE;
				MTL_FAST_MATH = YES;
				ONLY_ACTIVE_ARCH = YES;
				SDKROOT = iphoneos;
				SWIFT_ACTIVE_COMPILATION_CONDITIONS = DEBUG;
				SWIFT_OPTIMIZATION_LEVEL = "-Onone";
			};
			name = Debug;
		};
		01E28EDB22B3618E00481660 /* Release */ = {
			isa = XCBuildConfiguration;
			buildSettings = {
				ALWAYS_SEARCH_USER_PATHS = NO;
				CLANG_ANALYZER_NONNULL = YES;
				CLANG_ANALYZER_NUMBER_OBJECT_CONVERSION = YES_AGGRESSIVE;
				CLANG_CXX_LANGUAGE_STANDARD = "gnu++14";
				CLANG_CXX_LIBRARY = "libc++";
				CLANG_ENABLE_MODULES = YES;
				CLANG_ENABLE_OBJC_ARC = YES;
				CLANG_ENABLE_OBJC_WEAK = YES;
				CLANG_WARN_BLOCK_CAPTURE_AUTORELEASING = YES;
				CLANG_WARN_BOOL_CONVERSION = YES;
				CLANG_WARN_COMMA = YES;
				CLANG_WARN_CONSTANT_CONVERSION = YES;
				CLANG_WARN_DEPRECATED_OBJC_IMPLEMENTATIONS = YES;
				CLANG_WARN_DIRECT_OBJC_ISA_USAGE = YES_ERROR;
				CLANG_WARN_DOCUMENTATION_COMMENTS = YES;
				CLANG_WARN_EMPTY_BODY = YES;
				CLANG_WARN_ENUM_CONVERSION = YES;
				CLANG_WARN_INFINITE_RECURSION = YES;
				CLANG_WARN_INT_CONVERSION = YES;
				CLANG_WARN_NON_LITERAL_NULL_CONVERSION = YES;
				CLANG_WARN_OBJC_IMPLICIT_RETAIN_SELF = YES;
				CLANG_WARN_OBJC_LITERAL_CONVERSION = YES;
				CLANG_WARN_OBJC_ROOT_CLASS = YES_ERROR;
				CLANG_WARN_RANGE_LOOP_ANALYSIS = YES;
				CLANG_WARN_STRICT_PROTOTYPES = YES;
				CLANG_WARN_SUSPICIOUS_MOVE = YES;
				CLANG_WARN_UNGUARDED_AVAILABILITY = YES_AGGRESSIVE;
				CLANG_WARN_UNREACHABLE_CODE = YES;
				CLANG_WARN__DUPLICATE_METHOD_MATCH = YES;
				CODE_SIGN_IDENTITY = "iPhone Developer";
				COPY_PHASE_STRIP = NO;
				DEBUG_INFORMATION_FORMAT = "dwarf-with-dsym";
				ENABLE_NS_ASSERTIONS = NO;
				ENABLE_STRICT_OBJC_MSGSEND = YES;
				GCC_C_LANGUAGE_STANDARD = gnu11;
				GCC_NO_COMMON_BLOCKS = YES;
				GCC_WARN_64_TO_32_BIT_CONVERSION = YES;
				GCC_WARN_ABOUT_RETURN_TYPE = YES_ERROR;
				GCC_WARN_UNDECLARED_SELECTOR = YES;
				GCC_WARN_UNINITIALIZED_AUTOS = YES_AGGRESSIVE;
				GCC_WARN_UNUSED_FUNCTION = YES;
				GCC_WARN_UNUSED_VARIABLE = YES;
				IPHONEOS_DEPLOYMENT_TARGET = 11.0;
				MTL_ENABLE_DEBUG_INFO = NO;
				MTL_FAST_MATH = YES;
				SDKROOT = iphoneos;
				SWIFT_COMPILATION_MODE = wholemodule;
				SWIFT_OPTIMIZATION_LEVEL = "-O";
				VALIDATE_PRODUCT = YES;
			};
			name = Release;
		};
		01E28EDD22B3618E00481660 /* Debug */ = {
			isa = XCBuildConfiguration;
			baseConfigurationReference = 70FC8C15E9E0031770C24C6F /* Pods-AQI_Test.debug.xcconfig */;
			buildSettings = {
				ASSETCATALOG_COMPILER_APPICON_NAME = AppIcon;
				CODE_SIGN_STYLE = Automatic;
				DEVELOPMENT_TEAM = 5XP4N3V6QY;
				INFOPLIST_FILE = AQI_Test/Info.plist;
				LD_RUNPATH_SEARCH_PATHS = (
					"$(inherited)",
					"@executable_path/Frameworks",
				);
				PRODUCT_BUNDLE_IDENTIFIER = "com.AnthonyYeh.AQI-Test";
				PRODUCT_NAME = "$(TARGET_NAME)";
				SWIFT_VERSION = 4.2;
				TARGETED_DEVICE_FAMILY = "1,2";
			};
			name = Debug;
		};
		01E28EDE22B3618E00481660 /* Release */ = {
			isa = XCBuildConfiguration;
			baseConfigurationReference = 7ADFC35629E603B0AC80A5B9 /* Pods-AQI_Test.release.xcconfig */;
			buildSettings = {
				ASSETCATALOG_COMPILER_APPICON_NAME = AppIcon;
				CODE_SIGN_STYLE = Automatic;
				DEVELOPMENT_TEAM = 5XP4N3V6QY;
				INFOPLIST_FILE = AQI_Test/Info.plist;
				LD_RUNPATH_SEARCH_PATHS = (
					"$(inherited)",
					"@executable_path/Frameworks",
				);
				PRODUCT_BUNDLE_IDENTIFIER = "com.AnthonyYeh.AQI-Test";
				PRODUCT_NAME = "$(TARGET_NAME)";
				SWIFT_VERSION = 4.2;
				TARGETED_DEVICE_FAMILY = "1,2";
			};
			name = Release;
		};
/* End XCBuildConfiguration section */

/* Begin XCConfigurationList section */
		01E28EC222B3618B00481660 /* Build configuration list for PBXProject "AQI_Test" */ = {
			isa = XCConfigurationList;
			buildConfigurations = (
				01E28EDA22B3618E00481660 /* Debug */,
				01E28EDB22B3618E00481660 /* Release */,
			);
			defaultConfigurationIsVisible = 0;
			defaultConfigurationName = Release;
		};
		01E28EDC22B3618E00481660 /* Build configuration list for PBXNativeTarget "AQI_Test" */ = {
			isa = XCConfigurationList;
			buildConfigurations = (
				01E28EDD22B3618E00481660 /* Debug */,
				01E28EDE22B3618E00481660 /* Release */,
			);
			defaultConfigurationIsVisible = 0;
			defaultConfigurationName = Release;
		};
/* End XCConfigurationList section */

/* Begin XCVersionGroup section */
		01E28ED122B3618B00481660 /* AQI_Test.xcdatamodeld */ = {
			isa = XCVersionGroup;
			children = (
				01E28ED222B3618B00481660 /* AQI_Test.xcdatamodel */,
			);
			currentVersion = 01E28ED222B3618B00481660 /* AQI_Test.xcdatamodel */;
			path = AQI_Test.xcdatamodeld;
			sourceTree = "<group>";
			versionGroupType = wrapper.xcdatamodel;
		};
/* End XCVersionGroup section */
	};
	rootObject = 01E28EBF22B3618B00481660 /* Project object */;
}
